// !$*UTF8*$!
{
	archiveVersion = 1;
	classes = {
	};
	objectVersion = 56;
	objects = {

/* Begin PBXBuildFile section */
		550BA7722AD7DE2F00475042 /* UIViewController+Extension.swift in Sources */ = {isa = PBXBuildFile; fileRef = 550BA7712AD7DE2F00475042 /* UIViewController+Extension.swift */; };
		550BA79A2ADB045700475042 /* .gitignore in Resources */ = {isa = PBXBuildFile; fileRef = 550BA7992ADB045700475042 /* .gitignore */; };
		550BA79C2ADB04A500475042 /* GoogleService-Info.plist in Resources */ = {isa = PBXBuildFile; fileRef = 550BA79B2ADB04A500475042 /* GoogleService-Info.plist */; };
		550BA79E2ADB04BF00475042 /* APIKEY.swift in Sources */ = {isa = PBXBuildFile; fileRef = 550BA79D2ADB04BF00475042 /* APIKEY.swift */; };
		550BA7A32ADB065800475042 /* FirebaseAnalytics in Frameworks */ = {isa = PBXBuildFile; productRef = 550BA7A22ADB065800475042 /* FirebaseAnalytics */; };
		550BA7A52ADB065800475042 /* FirebaseCrashlytics in Frameworks */ = {isa = PBXBuildFile; productRef = 550BA7A42ADB065800475042 /* FirebaseCrashlytics */; };
		550BA7A82ADB152200475042 /* FirebaseRemoteConfig in Frameworks */ = {isa = PBXBuildFile; productRef = 550BA7A72ADB152200475042 /* FirebaseRemoteConfig */; };
		550BA7AA2ADB166900475042 /* remote_config_defaults.plist in Resources */ = {isa = PBXBuildFile; fileRef = 550BA7A92ADB166800475042 /* remote_config_defaults.plist */; };
		550BA7AC2ADB1CB600475042 /* FireStorage.swift in Sources */ = {isa = PBXBuildFile; fileRef = 550BA7AB2ADB1CB600475042 /* FireStorage.swift */; };
		550BA7AF2ADB2E7F00475042 /* Alamofire in Frameworks */ = {isa = PBXBuildFile; productRef = 550BA7AE2ADB2E7F00475042 /* Alamofire */; };
		550BA7B12ADB500C00475042 /* JSONExercise.swift in Sources */ = {isa = PBXBuildFile; fileRef = 550BA7B02ADB500C00475042 /* JSONExercise.swift */; };
		555E6B382AC1D76B00DCA052 /* AppDelegate.swift in Sources */ = {isa = PBXBuildFile; fileRef = 555E6B372AC1D76B00DCA052 /* AppDelegate.swift */; };
		555E6B3A2AC1D76B00DCA052 /* SceneDelegate.swift in Sources */ = {isa = PBXBuildFile; fileRef = 555E6B392AC1D76B00DCA052 /* SceneDelegate.swift */; };
		555E6B412AC1D76C00DCA052 /* Assets.xcassets in Resources */ = {isa = PBXBuildFile; fileRef = 555E6B402AC1D76C00DCA052 /* Assets.xcassets */; };
		555E6B442AC1D76C00DCA052 /* LaunchScreen.storyboard in Resources */ = {isa = PBXBuildFile; fileRef = 555E6B422AC1D76C00DCA052 /* LaunchScreen.storyboard */; };
		555E6B4D2AC1D79900DCA052 /* JimmyKit in Frameworks */ = {isa = PBXBuildFile; productRef = 555E6B4C2AC1D79900DCA052 /* JimmyKit */; };
		555E6B502AC1D7C800DCA052 /* SnapKit in Frameworks */ = {isa = PBXBuildFile; productRef = 555E6B4F2AC1D7C800DCA052 /* SnapKit */; };
		555E6B572AC3086500DCA052 /* WorkoutLogViewController.swift in Sources */ = {isa = PBXBuildFile; fileRef = 555E6B562AC3086500DCA052 /* WorkoutLogViewController.swift */; };
		555E6B5A2AC30C3A00DCA052 /* FSCalendar in Frameworks */ = {isa = PBXBuildFile; productRef = 555E6B592AC30C3A00DCA052 /* FSCalendar */; };
		555E6B5D2AC3198700DCA052 /* Then in Frameworks */ = {isa = PBXBuildFile; productRef = 555E6B5C2AC3198700DCA052 /* Then */; };
		555E6B662AC3285B00DCA052 /* Constants.swift in Sources */ = {isa = PBXBuildFile; fileRef = 555E6B652AC3285B00DCA052 /* Constants.swift */; };
		555E6B6C2AC344CC00DCA052 /* Localizable.strings in Resources */ = {isa = PBXBuildFile; fileRef = 555E6B6E2AC344CC00DCA052 /* Localizable.strings */; };
		555E6B712AC3459A00DCA052 /* String+Extension.swift in Sources */ = {isa = PBXBuildFile; fileRef = 555E6B702AC3459A00DCA052 /* String+Extension.swift */; };
		555E6B742AC34DD900DCA052 /* WorkoutListTableViewCell.swift in Sources */ = {isa = PBXBuildFile; fileRef = 555E6B732AC34DD900DCA052 /* WorkoutListTableViewCell.swift */; };
		555E6B782AC42CB500DCA052 /* GrabberView.swift in Sources */ = {isa = PBXBuildFile; fileRef = 555E6B772AC42CB500DCA052 /* GrabberView.swift */; };
		555E6B7B2AC44D4700DCA052 /* TabBarController.swift in Sources */ = {isa = PBXBuildFile; fileRef = 555E6B7A2AC44D4700DCA052 /* TabBarController.swift */; };
		555E6B7D2AC4663000DCA052 /* AddButtonTableViewCell.swift in Sources */ = {isa = PBXBuildFile; fileRef = 555E6B7C2AC4663000DCA052 /* AddButtonTableViewCell.swift */; };
		555E6B852AC54EDB00DCA052 /* ExerciseSearchViewController.swift in Sources */ = {isa = PBXBuildFile; fileRef = 555E6B842AC54EDB00DCA052 /* ExerciseSearchViewController.swift */; };
		555E6B872AC54FD000DCA052 /* ExerciseSearchView.swift in Sources */ = {isa = PBXBuildFile; fileRef = 555E6B862AC54FD000DCA052 /* ExerciseSearchView.swift */; };
		555E6B8A2AC55BCC00DCA052 /* Realm in Frameworks */ = {isa = PBXBuildFile; productRef = 555E6B892AC55BCC00DCA052 /* Realm */; };
		555E6B8C2AC55BCC00DCA052 /* RealmSwift in Frameworks */ = {isa = PBXBuildFile; productRef = 555E6B8B2AC55BCC00DCA052 /* RealmSwift */; };
		555E6B8E2AC573AC00DCA052 /* ExerciseSearchTableViewCell.swift in Sources */ = {isa = PBXBuildFile; fileRef = 555E6B8D2AC573AC00DCA052 /* ExerciseSearchTableViewCell.swift */; };
		555E6B922AC5796F00DCA052 /* ExerciseDetail.swift in Sources */ = {isa = PBXBuildFile; fileRef = 555E6B912AC5796F00DCA052 /* ExerciseDetail.swift */; };
		555E6B9A2AC72ECF00DCA052 /* RealmManager.swift in Sources */ = {isa = PBXBuildFile; fileRef = 555E6B992AC72ECF00DCA052 /* RealmManager.swift */; };
		555E6B9C2AC7F3B100DCA052 /* WorkoutLog.swift in Sources */ = {isa = PBXBuildFile; fileRef = 555E6B9B2AC7F3B100DCA052 /* WorkoutLog.swift */; };
		5570E1A62AD2F52400350AF3 /* UITextField+Exension.swift in Sources */ = {isa = PBXBuildFile; fileRef = 5570E1A52AD2F52400350AF3 /* UITextField+Exension.swift */; };
		5570E1A82AD3AFEB00350AF3 /* TimerManager.swift in Sources */ = {isa = PBXBuildFile; fileRef = 5570E1A72AD3AFEB00350AF3 /* TimerManager.swift */; };
		5570E1AA2AD3CB5700350AF3 /* UserDefaultManager.swift in Sources */ = {isa = PBXBuildFile; fileRef = 5570E1A92AD3CB5700350AF3 /* UserDefaultManager.swift */; };
		5570E1AD2AD3D1C900350AF3 /* RxCocoa in Frameworks */ = {isa = PBXBuildFile; productRef = 5570E1AC2AD3D1C900350AF3 /* RxCocoa */; };
		5570E1AF2AD3D1C900350AF3 /* RxSwift in Frameworks */ = {isa = PBXBuildFile; productRef = 5570E1AE2AD3D1C900350AF3 /* RxSwift */; };
		5570E1B12AD3E57100350AF3 /* Timeinterval+Extension.swift in Sources */ = {isa = PBXBuildFile; fileRef = 5570E1B02AD3E57100350AF3 /* Timeinterval+Extension.swift */; };
		5570E1B32AD3F03300350AF3 /* TitleTimerView.swift in Sources */ = {isa = PBXBuildFile; fileRef = 5570E1B22AD3F03300350AF3 /* TitleTimerView.swift */; };
		5570E1B52AD438F500350AF3 /* WorkoutLogView.swift in Sources */ = {isa = PBXBuildFile; fileRef = 5570E1B42AD438F500350AF3 /* WorkoutLogView.swift */; };
		5570E1B72AD43CFB00350AF3 /* DateFormatter+Extension.swift in Sources */ = {isa = PBXBuildFile; fileRef = 5570E1B62AD43CFB00350AF3 /* DateFormatter+Extension.swift */; };
		5570E1BA2AD5976700350AF3 /* ExerciseSetViewModel.swift in Sources */ = {isa = PBXBuildFile; fileRef = 5570E1B92AD5976700350AF3 /* ExerciseSetViewModel.swift */; };
		5570E1BC2AD65DC100350AF3 /* UIVIew+Extension.swift in Sources */ = {isa = PBXBuildFile; fileRef = 5570E1BB2AD65DC100350AF3 /* UIVIew+Extension.swift */; };
		55A2ABF12ACB542D00927918 /* Exercise.realm in Resources */ = {isa = PBXBuildFile; fileRef = 55A2ABF02ACB541800927918 /* Exercise.realm */; };
		55A2ABF42ACC187F00927918 /* ExerciseSetViewController.swift in Sources */ = {isa = PBXBuildFile; fileRef = 55A2ABF32ACC187F00927918 /* ExerciseSetViewController.swift */; };
		55A2ABF72ACC191700927918 /* TimerView.swift in Sources */ = {isa = PBXBuildFile; fileRef = 55A2ABF62ACC191700927918 /* TimerView.swift */; };
		55A2ABF92ACC2F6100927918 /* ExerciseSetView.swift in Sources */ = {isa = PBXBuildFile; fileRef = 55A2ABF82ACC2F6100927918 /* ExerciseSetView.swift */; };
		55A2ABFB2ACC351C00927918 /* ExerciseSetTableViewCell.swift in Sources */ = {isa = PBXBuildFile; fileRef = 55A2ABFA2ACC351C00927918 /* ExerciseSetTableViewCell.swift */; };
/* End PBXBuildFile section */

/* Begin PBXFileReference section */
		550BA7712AD7DE2F00475042 /* UIViewController+Extension.swift */ = {isa = PBXFileReference; lastKnownFileType = sourcecode.swift; path = "UIViewController+Extension.swift"; sourceTree = "<group>"; };
		550BA7992ADB045700475042 /* .gitignore */ = {isa = PBXFileReference; lastKnownFileType = text; path = .gitignore; sourceTree = "<group>"; };
		550BA79B2ADB04A500475042 /* GoogleService-Info.plist */ = {isa = PBXFileReference; fileEncoding = 4; lastKnownFileType = text.plist.xml; path = "GoogleService-Info.plist"; sourceTree = "<group>"; };
		550BA79D2ADB04BF00475042 /* APIKEY.swift */ = {isa = PBXFileReference; lastKnownFileType = sourcecode.swift; path = APIKEY.swift; sourceTree = "<group>"; };
		550BA7A92ADB166800475042 /* remote_config_defaults.plist */ = {isa = PBXFileReference; fileEncoding = 4; lastKnownFileType = text.plist.xml; path = remote_config_defaults.plist; sourceTree = "<group>"; };
		550BA7AB2ADB1CB600475042 /* FireStorage.swift */ = {isa = PBXFileReference; lastKnownFileType = sourcecode.swift; path = FireStorage.swift; sourceTree = "<group>"; };
		550BA7B02ADB500C00475042 /* JSONExercise.swift */ = {isa = PBXFileReference; lastKnownFileType = sourcecode.swift; path = JSONExercise.swift; sourceTree = "<group>"; };
		555E6B342AC1D76B00DCA052 /* JimFit.app */ = {isa = PBXFileReference; explicitFileType = wrapper.application; includeInIndex = 0; path = JimFit.app; sourceTree = BUILT_PRODUCTS_DIR; };
		555E6B372AC1D76B00DCA052 /* AppDelegate.swift */ = {isa = PBXFileReference; lastKnownFileType = sourcecode.swift; path = AppDelegate.swift; sourceTree = "<group>"; };
		555E6B392AC1D76B00DCA052 /* SceneDelegate.swift */ = {isa = PBXFileReference; lastKnownFileType = sourcecode.swift; path = SceneDelegate.swift; sourceTree = "<group>"; };
		555E6B402AC1D76C00DCA052 /* Assets.xcassets */ = {isa = PBXFileReference; lastKnownFileType = folder.assetcatalog; path = Assets.xcassets; sourceTree = "<group>"; };
		555E6B432AC1D76C00DCA052 /* Base */ = {isa = PBXFileReference; lastKnownFileType = file.storyboard; name = Base; path = Base.lproj/LaunchScreen.storyboard; sourceTree = "<group>"; };
		555E6B452AC1D76C00DCA052 /* Info.plist */ = {isa = PBXFileReference; lastKnownFileType = text.plist.xml; path = Info.plist; sourceTree = "<group>"; };
		555E6B562AC3086500DCA052 /* WorkoutLogViewController.swift */ = {isa = PBXFileReference; lastKnownFileType = sourcecode.swift; path = WorkoutLogViewController.swift; sourceTree = "<group>"; };
		555E6B652AC3285B00DCA052 /* Constants.swift */ = {isa = PBXFileReference; lastKnownFileType = sourcecode.swift; path = Constants.swift; sourceTree = "<group>"; };
		555E6B6D2AC344CC00DCA052 /* en */ = {isa = PBXFileReference; lastKnownFileType = text.plist.strings; name = en; path = en.lproj/Localizable.strings; sourceTree = "<group>"; };
		555E6B6F2AC344DD00DCA052 /* ko */ = {isa = PBXFileReference; lastKnownFileType = text.plist.strings; name = ko; path = ko.lproj/Localizable.strings; sourceTree = "<group>"; };
		555E6B702AC3459A00DCA052 /* String+Extension.swift */ = {isa = PBXFileReference; lastKnownFileType = sourcecode.swift; path = "String+Extension.swift"; sourceTree = "<group>"; };
		555E6B732AC34DD900DCA052 /* WorkoutListTableViewCell.swift */ = {isa = PBXFileReference; lastKnownFileType = sourcecode.swift; path = WorkoutListTableViewCell.swift; sourceTree = "<group>"; };
		555E6B772AC42CB500DCA052 /* GrabberView.swift */ = {isa = PBXFileReference; lastKnownFileType = sourcecode.swift; path = GrabberView.swift; sourceTree = "<group>"; };
		555E6B7A2AC44D4700DCA052 /* TabBarController.swift */ = {isa = PBXFileReference; lastKnownFileType = sourcecode.swift; path = TabBarController.swift; sourceTree = "<group>"; };
		555E6B7C2AC4663000DCA052 /* AddButtonTableViewCell.swift */ = {isa = PBXFileReference; lastKnownFileType = sourcecode.swift; path = AddButtonTableViewCell.swift; sourceTree = "<group>"; };
		555E6B842AC54EDB00DCA052 /* ExerciseSearchViewController.swift */ = {isa = PBXFileReference; lastKnownFileType = sourcecode.swift; path = ExerciseSearchViewController.swift; sourceTree = "<group>"; };
		555E6B862AC54FD000DCA052 /* ExerciseSearchView.swift */ = {isa = PBXFileReference; lastKnownFileType = sourcecode.swift; path = ExerciseSearchView.swift; sourceTree = "<group>"; };
		555E6B8D2AC573AC00DCA052 /* ExerciseSearchTableViewCell.swift */ = {isa = PBXFileReference; lastKnownFileType = sourcecode.swift; path = ExerciseSearchTableViewCell.swift; sourceTree = "<group>"; };
		555E6B912AC5796F00DCA052 /* ExerciseDetail.swift */ = {isa = PBXFileReference; fileEncoding = 4; lastKnownFileType = sourcecode.swift; path = ExerciseDetail.swift; sourceTree = "<group>"; };
		555E6B992AC72ECF00DCA052 /* RealmManager.swift */ = {isa = PBXFileReference; lastKnownFileType = sourcecode.swift; path = RealmManager.swift; sourceTree = "<group>"; };
		555E6B9B2AC7F3B100DCA052 /* WorkoutLog.swift */ = {isa = PBXFileReference; lastKnownFileType = sourcecode.swift; path = WorkoutLog.swift; sourceTree = "<group>"; };
		5570E1A52AD2F52400350AF3 /* UITextField+Exension.swift */ = {isa = PBXFileReference; lastKnownFileType = sourcecode.swift; path = "UITextField+Exension.swift"; sourceTree = "<group>"; };
		5570E1A72AD3AFEB00350AF3 /* TimerManager.swift */ = {isa = PBXFileReference; lastKnownFileType = sourcecode.swift; path = TimerManager.swift; sourceTree = "<group>"; };
		5570E1A92AD3CB5700350AF3 /* UserDefaultManager.swift */ = {isa = PBXFileReference; lastKnownFileType = sourcecode.swift; path = UserDefaultManager.swift; sourceTree = "<group>"; };
		5570E1B02AD3E57100350AF3 /* Timeinterval+Extension.swift */ = {isa = PBXFileReference; lastKnownFileType = sourcecode.swift; path = "Timeinterval+Extension.swift"; sourceTree = "<group>"; };
		5570E1B22AD3F03300350AF3 /* TitleTimerView.swift */ = {isa = PBXFileReference; lastKnownFileType = sourcecode.swift; path = TitleTimerView.swift; sourceTree = "<group>"; };
		5570E1B42AD438F500350AF3 /* WorkoutLogView.swift */ = {isa = PBXFileReference; lastKnownFileType = sourcecode.swift; path = WorkoutLogView.swift; sourceTree = "<group>"; };
		5570E1B62AD43CFB00350AF3 /* DateFormatter+Extension.swift */ = {isa = PBXFileReference; lastKnownFileType = sourcecode.swift; path = "DateFormatter+Extension.swift"; sourceTree = "<group>"; };
		5570E1B92AD5976700350AF3 /* ExerciseSetViewModel.swift */ = {isa = PBXFileReference; lastKnownFileType = sourcecode.swift; path = ExerciseSetViewModel.swift; sourceTree = "<group>"; };
		5570E1BB2AD65DC100350AF3 /* UIVIew+Extension.swift */ = {isa = PBXFileReference; lastKnownFileType = sourcecode.swift; path = "UIVIew+Extension.swift"; sourceTree = "<group>"; };
		55A2ABF02ACB541800927918 /* Exercise.realm */ = {isa = PBXFileReference; lastKnownFileType = file; path = Exercise.realm; sourceTree = "<group>"; };
		55A2ABF32ACC187F00927918 /* ExerciseSetViewController.swift */ = {isa = PBXFileReference; lastKnownFileType = sourcecode.swift; path = ExerciseSetViewController.swift; sourceTree = "<group>"; };
		55A2ABF62ACC191700927918 /* TimerView.swift */ = {isa = PBXFileReference; lastKnownFileType = sourcecode.swift; path = TimerView.swift; sourceTree = "<group>"; };
		55A2ABF82ACC2F6100927918 /* ExerciseSetView.swift */ = {isa = PBXFileReference; lastKnownFileType = sourcecode.swift; path = ExerciseSetView.swift; sourceTree = "<group>"; };
		55A2ABFA2ACC351C00927918 /* ExerciseSetTableViewCell.swift */ = {isa = PBXFileReference; lastKnownFileType = sourcecode.swift; path = ExerciseSetTableViewCell.swift; sourceTree = "<group>"; };
/* End PBXFileReference section */

/* Begin PBXFrameworksBuildPhase section */
		555E6B312AC1D76B00DCA052 /* Frameworks */ = {
			isa = PBXFrameworksBuildPhase;
			buildActionMask = 2147483647;
			files = (
				550BA7A82ADB152200475042 /* FirebaseRemoteConfig in Frameworks */,
				555E6B8C2AC55BCC00DCA052 /* RealmSwift in Frameworks */,
				555E6B4D2AC1D79900DCA052 /* JimmyKit in Frameworks */,
				555E6B5A2AC30C3A00DCA052 /* FSCalendar in Frameworks */,
				5570E1AD2AD3D1C900350AF3 /* RxCocoa in Frameworks */,
				555E6B502AC1D7C800DCA052 /* SnapKit in Frameworks */,
				555E6B5D2AC3198700DCA052 /* Then in Frameworks */,
				5570E1AF2AD3D1C900350AF3 /* RxSwift in Frameworks */,
				550BA7A52ADB065800475042 /* FirebaseCrashlytics in Frameworks */,
				550BA7AF2ADB2E7F00475042 /* Alamofire in Frameworks */,
				555E6B8A2AC55BCC00DCA052 /* Realm in Frameworks */,
				550BA7A32ADB065800475042 /* FirebaseAnalytics in Frameworks */,
			);
			runOnlyForDeploymentPostprocessing = 0;
		};
/* End PBXFrameworksBuildPhase section */

/* Begin PBXGroup section */
		550BA79F2ADB04D600475042 /* Network */ = {
			isa = PBXGroup;
			children = (
				550BA7A02ADB04E100475042 /* APIKEY */,
				550BA7AB2ADB1CB600475042 /* FireStorage.swift */,
			);
			path = Network;
			sourceTree = "<group>";
		};
		550BA7A02ADB04E100475042 /* APIKEY */ = {
			isa = PBXGroup;
			children = (
				550BA79D2ADB04BF00475042 /* APIKEY.swift */,
			);
			path = APIKEY;
			sourceTree = "<group>";
		};
		550BA7A62ADB152200475042 /* Frameworks */ = {
			isa = PBXGroup;
			children = (
			);
			name = Frameworks;
			sourceTree = "<group>";
		};
		555E6B2B2AC1D76B00DCA052 = {
			isa = PBXGroup;
			children = (
				555E6B362AC1D76B00DCA052 /* JimFit */,
				555E6B352AC1D76B00DCA052 /* Products */,
				550BA7A62ADB152200475042 /* Frameworks */,
			);
			sourceTree = "<group>";
		};
		555E6B352AC1D76B00DCA052 /* Products */ = {
			isa = PBXGroup;
			children = (
				555E6B342AC1D76B00DCA052 /* JimFit.app */,
			);
			name = Products;
			sourceTree = "<group>";
		};
		555E6B362AC1D76B00DCA052 /* JimFit */ = {
			isa = PBXGroup;
			children = (
				555E6B5E2AC326CF00DCA052 /* Resource */,
				555E6B612AC326F600DCA052 /* Source */,
			);
			path = JimFit;
			sourceTree = "<group>";
		};
		555E6B5E2AC326CF00DCA052 /* Resource */ = {
			isa = PBXGroup;
			children = (
				55A2ABF02ACB541800927918 /* Exercise.realm */,
				555E6B402AC1D76C00DCA052 /* Assets.xcassets */,
				555E6B422AC1D76C00DCA052 /* LaunchScreen.storyboard */,
				555E6B452AC1D76C00DCA052 /* Info.plist */,
				550BA7992ADB045700475042 /* .gitignore */,
				550BA7A92ADB166800475042 /* remote_config_defaults.plist */,
				550BA79B2ADB04A500475042 /* GoogleService-Info.plist */,
				555E6B6E2AC344CC00DCA052 /* Localizable.strings */,
			);
			path = Resource;
			sourceTree = "<group>";
		};
		555E6B5F2AC326E000DCA052 /* App */ = {
			isa = PBXGroup;
			children = (
				555E6B372AC1D76B00DCA052 /* AppDelegate.swift */,
				555E6B392AC1D76B00DCA052 /* SceneDelegate.swift */,
			);
			path = App;
			sourceTree = "<group>";
		};
		555E6B602AC326E900DCA052 /* View */ = {
			isa = PBXGroup;
			children = (
				555E6B722AC34D9400DCA052 /* Common */,
				555E6B792AC44CCB00DCA052 /* TabBar */,
				55A2ABF22ACC183400927918 /* Search */,
				555E6B832AC54E3A00DCA052 /* Log */,
				55A2ABF52ACC18BA00927918 /* Set */,
			);
			path = View;
			sourceTree = "<group>";
		};
		555E6B612AC326F600DCA052 /* Source */ = {
			isa = PBXGroup;
			children = (
				555E6B5F2AC326E000DCA052 /* App */,
				555E6B642AC3276000DCA052 /* Constants */,
				555E6B622AC3272E00DCA052 /* Extension */,
				550BA79F2ADB04D600475042 /* Network */,
				555E6B632AC3273500DCA052 /* Helper */,
				555E6B692AC32CF500DCA052 /* Model */,
				555E6B602AC326E900DCA052 /* View */,
			);
			path = Source;
			sourceTree = "<group>";
		};
		555E6B622AC3272E00DCA052 /* Extension */ = {
			isa = PBXGroup;
			children = (
				555E6B702AC3459A00DCA052 /* String+Extension.swift */,
				5570E1A52AD2F52400350AF3 /* UITextField+Exension.swift */,
				5570E1B02AD3E57100350AF3 /* Timeinterval+Extension.swift */,
				5570E1B62AD43CFB00350AF3 /* DateFormatter+Extension.swift */,
				5570E1BB2AD65DC100350AF3 /* UIVIew+Extension.swift */,
				550BA7712AD7DE2F00475042 /* UIViewController+Extension.swift */,
			);
			path = Extension;
			sourceTree = "<group>";
		};
		555E6B632AC3273500DCA052 /* Helper */ = {
			isa = PBXGroup;
			children = (
				555E6B992AC72ECF00DCA052 /* RealmManager.swift */,
				5570E1A72AD3AFEB00350AF3 /* TimerManager.swift */,
				5570E1A92AD3CB5700350AF3 /* UserDefaultManager.swift */,
			);
			path = Helper;
			sourceTree = "<group>";
		};
		555E6B642AC3276000DCA052 /* Constants */ = {
			isa = PBXGroup;
			children = (
				555E6B652AC3285B00DCA052 /* Constants.swift */,
			);
			path = Constants;
			sourceTree = "<group>";
		};
		555E6B692AC32CF500DCA052 /* Model */ = {
			isa = PBXGroup;
			children = (
				555E6B912AC5796F00DCA052 /* ExerciseDetail.swift */,
				555E6B9B2AC7F3B100DCA052 /* WorkoutLog.swift */,
				550BA7B02ADB500C00475042 /* JSONExercise.swift */,
			);
			path = Model;
			sourceTree = "<group>";
		};
		555E6B722AC34D9400DCA052 /* Common */ = {
			isa = PBXGroup;
			children = (
				55A2ABFA2ACC351C00927918 /* ExerciseSetTableViewCell.swift */,
				555E6B8D2AC573AC00DCA052 /* ExerciseSearchTableViewCell.swift */,
				555E6B732AC34DD900DCA052 /* WorkoutListTableViewCell.swift */,
				555E6B7C2AC4663000DCA052 /* AddButtonTableViewCell.swift */,
				555E6B772AC42CB500DCA052 /* GrabberView.swift */,
				55A2ABF62ACC191700927918 /* TimerView.swift */,
				5570E1B22AD3F03300350AF3 /* TitleTimerView.swift */,
			);
			path = Common;
			sourceTree = "<group>";
		};
		555E6B792AC44CCB00DCA052 /* TabBar */ = {
			isa = PBXGroup;
			children = (
				555E6B7A2AC44D4700DCA052 /* TabBarController.swift */,
			);
			path = TabBar;
			sourceTree = "<group>";
		};
		555E6B832AC54E3A00DCA052 /* Log */ = {
			isa = PBXGroup;
			children = (
				5570E1B42AD438F500350AF3 /* WorkoutLogView.swift */,
				555E6B562AC3086500DCA052 /* WorkoutLogViewController.swift */,
			);
			path = Log;
			sourceTree = "<group>";
		};
		55A2ABF22ACC183400927918 /* Search */ = {
			isa = PBXGroup;
			children = (
				555E6B862AC54FD000DCA052 /* ExerciseSearchView.swift */,
				555E6B842AC54EDB00DCA052 /* ExerciseSearchViewController.swift */,
			);
			path = Search;
			sourceTree = "<group>";
		};
		55A2ABF52ACC18BA00927918 /* Set */ = {
			isa = PBXGroup;
			children = (
				5570E1B92AD5976700350AF3 /* ExerciseSetViewModel.swift */,
				55A2ABF82ACC2F6100927918 /* ExerciseSetView.swift */,
				55A2ABF32ACC187F00927918 /* ExerciseSetViewController.swift */,
			);
			path = Set;
			sourceTree = "<group>";
		};
/* End PBXGroup section */

/* Begin PBXNativeTarget section */
		555E6B332AC1D76B00DCA052 /* JimFit */ = {
			isa = PBXNativeTarget;
			buildConfigurationList = 555E6B482AC1D76C00DCA052 /* Build configuration list for PBXNativeTarget "JimFit" */;
			buildPhases = (
				555E6B302AC1D76B00DCA052 /* Sources */,
				555E6B312AC1D76B00DCA052 /* Frameworks */,
				555E6B322AC1D76B00DCA052 /* Resources */,
			);
			buildRules = (
			);
			dependencies = (
			);
			name = JimFit;
			packageProductDependencies = (
				555E6B4C2AC1D79900DCA052 /* JimmyKit */,
				555E6B4F2AC1D7C800DCA052 /* SnapKit */,
				555E6B592AC30C3A00DCA052 /* FSCalendar */,
				555E6B5C2AC3198700DCA052 /* Then */,
				555E6B892AC55BCC00DCA052 /* Realm */,
				555E6B8B2AC55BCC00DCA052 /* RealmSwift */,
				5570E1AC2AD3D1C900350AF3 /* RxCocoa */,
				5570E1AE2AD3D1C900350AF3 /* RxSwift */,
				550BA7A22ADB065800475042 /* FirebaseAnalytics */,
				550BA7A42ADB065800475042 /* FirebaseCrashlytics */,
				550BA7A72ADB152200475042 /* FirebaseRemoteConfig */,
				550BA7AE2ADB2E7F00475042 /* Alamofire */,
			);
			productName = JimFit;
			productReference = 555E6B342AC1D76B00DCA052 /* JimFit.app */;
			productType = "com.apple.product-type.application";
		};
/* End PBXNativeTarget section */

/* Begin PBXProject section */
		555E6B2C2AC1D76B00DCA052 /* Project object */ = {
			isa = PBXProject;
			attributes = {
				BuildIndependentTargetsInParallel = 1;
				LastSwiftUpdateCheck = 1430;
				LastUpgradeCheck = 1430;
				TargetAttributes = {
					555E6B332AC1D76B00DCA052 = {
						CreatedOnToolsVersion = 14.3.1;
					};
				};
			};
			buildConfigurationList = 555E6B2F2AC1D76B00DCA052 /* Build configuration list for PBXProject "JimFit" */;
			compatibilityVersion = "Xcode 14.0";
			developmentRegion = en;
			hasScannedForEncodings = 0;
			knownRegions = (
				en,
				Base,
				ko,
			);
			mainGroup = 555E6B2B2AC1D76B00DCA052;
			packageReferences = (
				555E6B4B2AC1D79900DCA052 /* XCRemoteSwiftPackageReference "JimmyKit" */,
				555E6B4E2AC1D7C800DCA052 /* XCRemoteSwiftPackageReference "SnapKit" */,
				555E6B582AC30C3A00DCA052 /* XCRemoteSwiftPackageReference "FSCalendar" */,
				555E6B5B2AC3198700DCA052 /* XCRemoteSwiftPackageReference "Then" */,
				555E6B882AC55BCC00DCA052 /* XCRemoteSwiftPackageReference "realm-swift" */,
				5570E1AB2AD3D1C900350AF3 /* XCRemoteSwiftPackageReference "RxSwift" */,
				550BA7A12ADB065800475042 /* XCRemoteSwiftPackageReference "firebase-ios-sdk" */,
				550BA7AD2ADB2E7F00475042 /* XCRemoteSwiftPackageReference "Alamofire" */,
			);
			productRefGroup = 555E6B352AC1D76B00DCA052 /* Products */;
			projectDirPath = "";
			projectRoot = "";
			targets = (
				555E6B332AC1D76B00DCA052 /* JimFit */,
			);
		};
/* End PBXProject section */

/* Begin PBXResourcesBuildPhase section */
		555E6B322AC1D76B00DCA052 /* Resources */ = {
			isa = PBXResourcesBuildPhase;
			buildActionMask = 2147483647;
			files = (
				550BA7AA2ADB166900475042 /* remote_config_defaults.plist in Resources */,
				550BA79A2ADB045700475042 /* .gitignore in Resources */,
				55A2ABF12ACB542D00927918 /* Exercise.realm in Resources */,
				555E6B442AC1D76C00DCA052 /* LaunchScreen.storyboard in Resources */,
				555E6B6C2AC344CC00DCA052 /* Localizable.strings in Resources */,
				555E6B412AC1D76C00DCA052 /* Assets.xcassets in Resources */,
				550BA79C2ADB04A500475042 /* GoogleService-Info.plist in Resources */,
			);
			runOnlyForDeploymentPostprocessing = 0;
		};
/* End PBXResourcesBuildPhase section */

/* Begin PBXSourcesBuildPhase section */
		555E6B302AC1D76B00DCA052 /* Sources */ = {
			isa = PBXSourcesBuildPhase;
			buildActionMask = 2147483647;
			files = (
				555E6B872AC54FD000DCA052 /* ExerciseSearchView.swift in Sources */,
				555E6B742AC34DD900DCA052 /* WorkoutListTableViewCell.swift in Sources */,
				555E6B9A2AC72ECF00DCA052 /* RealmManager.swift in Sources */,
				550BA7AC2ADB1CB600475042 /* FireStorage.swift in Sources */,
				555E6B782AC42CB500DCA052 /* GrabberView.swift in Sources */,
				550BA7722AD7DE2F00475042 /* UIViewController+Extension.swift in Sources */,
				555E6B662AC3285B00DCA052 /* Constants.swift in Sources */,
				555E6B7B2AC44D4700DCA052 /* TabBarController.swift in Sources */,
				5570E1BC2AD65DC100350AF3 /* UIVIew+Extension.swift in Sources */,
				5570E1B32AD3F03300350AF3 /* TitleTimerView.swift in Sources */,
				555E6B9C2AC7F3B100DCA052 /* WorkoutLog.swift in Sources */,
				555E6B572AC3086500DCA052 /* WorkoutLogViewController.swift in Sources */,
				555E6B8E2AC573AC00DCA052 /* ExerciseSearchTableViewCell.swift in Sources */,
				550BA79E2ADB04BF00475042 /* APIKEY.swift in Sources */,
				555E6B852AC54EDB00DCA052 /* ExerciseSearchViewController.swift in Sources */,
				555E6B7D2AC4663000DCA052 /* AddButtonTableViewCell.swift in Sources */,
				5570E1B72AD43CFB00350AF3 /* DateFormatter+Extension.swift in Sources */,
				555E6B922AC5796F00DCA052 /* ExerciseDetail.swift in Sources */,
				5570E1A82AD3AFEB00350AF3 /* TimerManager.swift in Sources */,
				5570E1A62AD2F52400350AF3 /* UITextField+Exension.swift in Sources */,
				555E6B382AC1D76B00DCA052 /* AppDelegate.swift in Sources */,
				55A2ABF42ACC187F00927918 /* ExerciseSetViewController.swift in Sources */,
				555E6B712AC3459A00DCA052 /* String+Extension.swift in Sources */,
				55A2ABF92ACC2F6100927918 /* ExerciseSetView.swift in Sources */,
				5570E1AA2AD3CB5700350AF3 /* UserDefaultManager.swift in Sources */,
				5570E1B52AD438F500350AF3 /* WorkoutLogView.swift in Sources */,
				55A2ABF72ACC191700927918 /* TimerView.swift in Sources */,
				5570E1BA2AD5976700350AF3 /* ExerciseSetViewModel.swift in Sources */,
				5570E1B12AD3E57100350AF3 /* Timeinterval+Extension.swift in Sources */,
				555E6B3A2AC1D76B00DCA052 /* SceneDelegate.swift in Sources */,
				55A2ABFB2ACC351C00927918 /* ExerciseSetTableViewCell.swift in Sources */,
				550BA7B12ADB500C00475042 /* JSONExercise.swift in Sources */,
			);
			runOnlyForDeploymentPostprocessing = 0;
		};
/* End PBXSourcesBuildPhase section */

/* Begin PBXVariantGroup section */
		555E6B422AC1D76C00DCA052 /* LaunchScreen.storyboard */ = {
			isa = PBXVariantGroup;
			children = (
				555E6B432AC1D76C00DCA052 /* Base */,
			);
			name = LaunchScreen.storyboard;
			sourceTree = "<group>";
		};
		555E6B6E2AC344CC00DCA052 /* Localizable.strings */ = {
			isa = PBXVariantGroup;
			children = (
				555E6B6D2AC344CC00DCA052 /* en */,
				555E6B6F2AC344DD00DCA052 /* ko */,
			);
			name = Localizable.strings;
			sourceTree = "<group>";
		};
/* End PBXVariantGroup section */

/* Begin XCBuildConfiguration section */
		555E6B462AC1D76C00DCA052 /* Debug */ = {
			isa = XCBuildConfiguration;
			buildSettings = {
				ALWAYS_SEARCH_USER_PATHS = NO;
				CLANG_ANALYZER_LOCALIZABILITY_NONLOCALIZED = YES;
				CLANG_ANALYZER_NONNULL = YES;
				CLANG_ANALYZER_NUMBER_OBJECT_CONVERSION = YES_AGGRESSIVE;
				CLANG_CXX_LANGUAGE_STANDARD = "gnu++20";
				CLANG_ENABLE_MODULES = YES;
				CLANG_ENABLE_OBJC_ARC = YES;
				CLANG_ENABLE_OBJC_WEAK = YES;
				CLANG_WARN_BLOCK_CAPTURE_AUTORELEASING = YES;
				CLANG_WARN_BOOL_CONVERSION = YES;
				CLANG_WARN_COMMA = YES;
				CLANG_WARN_CONSTANT_CONVERSION = YES;
				CLANG_WARN_DEPRECATED_OBJC_IMPLEMENTATIONS = YES;
				CLANG_WARN_DIRECT_OBJC_ISA_USAGE = YES_ERROR;
				CLANG_WARN_DOCUMENTATION_COMMENTS = YES;
				CLANG_WARN_EMPTY_BODY = YES;
				CLANG_WARN_ENUM_CONVERSION = YES;
				CLANG_WARN_INFINITE_RECURSION = YES;
				CLANG_WARN_INT_CONVERSION = YES;
				CLANG_WARN_NON_LITERAL_NULL_CONVERSION = YES;
				CLANG_WARN_OBJC_IMPLICIT_RETAIN_SELF = YES;
				CLANG_WARN_OBJC_LITERAL_CONVERSION = YES;
				CLANG_WARN_OBJC_ROOT_CLASS = YES_ERROR;
				CLANG_WARN_QUOTED_INCLUDE_IN_FRAMEWORK_HEADER = YES;
				CLANG_WARN_RANGE_LOOP_ANALYSIS = YES;
				CLANG_WARN_STRICT_PROTOTYPES = YES;
				CLANG_WARN_SUSPICIOUS_MOVE = YES;
				CLANG_WARN_UNGUARDED_AVAILABILITY = YES_AGGRESSIVE;
				CLANG_WARN_UNREACHABLE_CODE = YES;
				CLANG_WARN__DUPLICATE_METHOD_MATCH = YES;
				COPY_PHASE_STRIP = NO;
				DEBUG_INFORMATION_FORMAT = dwarf;
				ENABLE_STRICT_OBJC_MSGSEND = YES;
				ENABLE_TESTABILITY = YES;
				GCC_C_LANGUAGE_STANDARD = gnu11;
				GCC_DYNAMIC_NO_PIC = NO;
				GCC_NO_COMMON_BLOCKS = YES;
				GCC_OPTIMIZATION_LEVEL = 0;
				GCC_PREPROCESSOR_DEFINITIONS = (
					"DEBUG=1",
					"$(inherited)",
				);
				GCC_WARN_64_TO_32_BIT_CONVERSION = YES;
				GCC_WARN_ABOUT_RETURN_TYPE = YES_ERROR;
				GCC_WARN_UNDECLARED_SELECTOR = YES;
				GCC_WARN_UNINITIALIZED_AUTOS = YES_AGGRESSIVE;
				GCC_WARN_UNUSED_FUNCTION = YES;
				GCC_WARN_UNUSED_VARIABLE = YES;
				IPHONEOS_DEPLOYMENT_TARGET = 16.0;
				MTL_ENABLE_DEBUG_INFO = INCLUDE_SOURCE;
				MTL_FAST_MATH = YES;
				ONLY_ACTIVE_ARCH = YES;
				SDKROOT = iphoneos;
				SWIFT_ACTIVE_COMPILATION_CONDITIONS = DEBUG;
				SWIFT_OPTIMIZATION_LEVEL = "-Onone";
			};
			name = Debug;
		};
		555E6B472AC1D76C00DCA052 /* Release */ = {
			isa = XCBuildConfiguration;
			buildSettings = {
				ALWAYS_SEARCH_USER_PATHS = NO;
				CLANG_ANALYZER_LOCALIZABILITY_NONLOCALIZED = YES;
				CLANG_ANALYZER_NONNULL = YES;
				CLANG_ANALYZER_NUMBER_OBJECT_CONVERSION = YES_AGGRESSIVE;
				CLANG_CXX_LANGUAGE_STANDARD = "gnu++20";
				CLANG_ENABLE_MODULES = YES;
				CLANG_ENABLE_OBJC_ARC = YES;
				CLANG_ENABLE_OBJC_WEAK = YES;
				CLANG_WARN_BLOCK_CAPTURE_AUTORELEASING = YES;
				CLANG_WARN_BOOL_CONVERSION = YES;
				CLANG_WARN_COMMA = YES;
				CLANG_WARN_CONSTANT_CONVERSION = YES;
				CLANG_WARN_DEPRECATED_OBJC_IMPLEMENTATIONS = YES;
				CLANG_WARN_DIRECT_OBJC_ISA_USAGE = YES_ERROR;
				CLANG_WARN_DOCUMENTATION_COMMENTS = YES;
				CLANG_WARN_EMPTY_BODY = YES;
				CLANG_WARN_ENUM_CONVERSION = YES;
				CLANG_WARN_INFINITE_RECURSION = YES;
				CLANG_WARN_INT_CONVERSION = YES;
				CLANG_WARN_NON_LITERAL_NULL_CONVERSION = YES;
				CLANG_WARN_OBJC_IMPLICIT_RETAIN_SELF = YES;
				CLANG_WARN_OBJC_LITERAL_CONVERSION = YES;
				CLANG_WARN_OBJC_ROOT_CLASS = YES_ERROR;
				CLANG_WARN_QUOTED_INCLUDE_IN_FRAMEWORK_HEADER = YES;
				CLANG_WARN_RANGE_LOOP_ANALYSIS = YES;
				CLANG_WARN_STRICT_PROTOTYPES = YES;
				CLANG_WARN_SUSPICIOUS_MOVE = YES;
				CLANG_WARN_UNGUARDED_AVAILABILITY = YES_AGGRESSIVE;
				CLANG_WARN_UNREACHABLE_CODE = YES;
				CLANG_WARN__DUPLICATE_METHOD_MATCH = YES;
				COPY_PHASE_STRIP = NO;
				DEBUG_INFORMATION_FORMAT = "dwarf-with-dsym";
				ENABLE_NS_ASSERTIONS = NO;
				ENABLE_STRICT_OBJC_MSGSEND = YES;
				GCC_C_LANGUAGE_STANDARD = gnu11;
				GCC_NO_COMMON_BLOCKS = YES;
				GCC_WARN_64_TO_32_BIT_CONVERSION = YES;
				GCC_WARN_ABOUT_RETURN_TYPE = YES_ERROR;
				GCC_WARN_UNDECLARED_SELECTOR = YES;
				GCC_WARN_UNINITIALIZED_AUTOS = YES_AGGRESSIVE;
				GCC_WARN_UNUSED_FUNCTION = YES;
				GCC_WARN_UNUSED_VARIABLE = YES;
				IPHONEOS_DEPLOYMENT_TARGET = 16.0;
				MTL_ENABLE_DEBUG_INFO = NO;
				MTL_FAST_MATH = YES;
				SDKROOT = iphoneos;
				SWIFT_COMPILATION_MODE = wholemodule;
				SWIFT_OPTIMIZATION_LEVEL = "-O";
				VALIDATE_PRODUCT = YES;
			};
			name = Release;
		};
		555E6B492AC1D76C00DCA052 /* Debug */ = {
			isa = XCBuildConfiguration;
			buildSettings = {
				ASSETCATALOG_COMPILER_APPICON_NAME = AppIcon;
				ASSETCATALOG_COMPILER_GLOBAL_ACCENT_COLOR_NAME = AccentColor;
				CODE_SIGN_STYLE = Automatic;
				CURRENT_PROJECT_VERSION = 1;
				DEVELOPMENT_TEAM = VJ2VF4KUF7;
				GENERATE_INFOPLIST_FILE = YES;
				INFOPLIST_FILE = JimFit/Resource/Info.plist;
				INFOPLIST_KEY_UIApplicationSupportsIndirectInputEvents = YES;
				INFOPLIST_KEY_UILaunchStoryboardName = LaunchScreen;
				INFOPLIST_KEY_UISupportedInterfaceOrientations = UIInterfaceOrientationPortrait;
				INFOPLIST_KEY_UISupportedInterfaceOrientations_iPad = "UIInterfaceOrientationLandscapeLeft UIInterfaceOrientationLandscapeRight UIInterfaceOrientationPortrait UIInterfaceOrientationPortraitUpsideDown";
				LD_RUNPATH_SEARCH_PATHS = (
					"$(inherited)",
					"@executable_path/Frameworks",
				);
				MARKETING_VERSION = 1.0;
				PRODUCT_BUNDLE_IDENTIFIER = com.Jimmy.JimFit;
				PRODUCT_NAME = "$(TARGET_NAME)";
				SUPPORTED_PLATFORMS = "iphoneos iphonesimulator";
				SUPPORTS_MACCATALYST = NO;
				SUPPORTS_MAC_DESIGNED_FOR_IPHONE_IPAD = NO;
				SWIFT_EMIT_LOC_STRINGS = YES;
				SWIFT_VERSION = 5.0;
				TARGETED_DEVICE_FAMILY = 1;
			};
			name = Debug;
		};
		555E6B4A2AC1D76C00DCA052 /* Release */ = {
			isa = XCBuildConfiguration;
			buildSettings = {
				ASSETCATALOG_COMPILER_APPICON_NAME = AppIcon;
				ASSETCATALOG_COMPILER_GLOBAL_ACCENT_COLOR_NAME = AccentColor;
				CODE_SIGN_STYLE = Automatic;
				CURRENT_PROJECT_VERSION = 1;
				DEVELOPMENT_TEAM = VJ2VF4KUF7;
				GENERATE_INFOPLIST_FILE = YES;
				INFOPLIST_FILE = JimFit/Resource/Info.plist;
				INFOPLIST_KEY_UIApplicationSupportsIndirectInputEvents = YES;
				INFOPLIST_KEY_UILaunchStoryboardName = LaunchScreen;
				INFOPLIST_KEY_UISupportedInterfaceOrientations = UIInterfaceOrientationPortrait;
				INFOPLIST_KEY_UISupportedInterfaceOrientations_iPad = "UIInterfaceOrientationLandscapeLeft UIInterfaceOrientationLandscapeRight UIInterfaceOrientationPortrait UIInterfaceOrientationPortraitUpsideDown";
				LD_RUNPATH_SEARCH_PATHS = (
					"$(inherited)",
					"@executable_path/Frameworks",
				);
				MARKETING_VERSION = 1.0;
				PRODUCT_BUNDLE_IDENTIFIER = com.Jimmy.JimFit;
				PRODUCT_NAME = "$(TARGET_NAME)";
				SUPPORTED_PLATFORMS = "iphoneos iphonesimulator";
				SUPPORTS_MACCATALYST = NO;
				SUPPORTS_MAC_DESIGNED_FOR_IPHONE_IPAD = NO;
				SWIFT_EMIT_LOC_STRINGS = YES;
				SWIFT_VERSION = 5.0;
				TARGETED_DEVICE_FAMILY = 1;
			};
			name = Release;
		};
/* End XCBuildConfiguration section */

/* Begin XCConfigurationList section */
		555E6B2F2AC1D76B00DCA052 /* Build configuration list for PBXProject "JimFit" */ = {
			isa = XCConfigurationList;
			buildConfigurations = (
				555E6B462AC1D76C00DCA052 /* Debug */,
				555E6B472AC1D76C00DCA052 /* Release */,
			);
			defaultConfigurationIsVisible = 0;
			defaultConfigurationName = Release;
		};
		555E6B482AC1D76C00DCA052 /* Build configuration list for PBXNativeTarget "JimFit" */ = {
			isa = XCConfigurationList;
			buildConfigurations = (
				555E6B492AC1D76C00DCA052 /* Debug */,
				555E6B4A2AC1D76C00DCA052 /* Release */,
			);
			defaultConfigurationIsVisible = 0;
			defaultConfigurationName = Release;
		};
/* End XCConfigurationList section */

/* Begin XCRemoteSwiftPackageReference section */
		550BA7A12ADB065800475042 /* XCRemoteSwiftPackageReference "firebase-ios-sdk" */ = {
			isa = XCRemoteSwiftPackageReference;
			repositoryURL = "https://github.com/firebase/firebase-ios-sdk";
			requirement = {
				kind = upToNextMajorVersion;
				minimumVersion = 10.0.0;
			};
		};
		550BA7AD2ADB2E7F00475042 /* XCRemoteSwiftPackageReference "Alamofire" */ = {
			isa = XCRemoteSwiftPackageReference;
			repositoryURL = "https://github.com/Alamofire/Alamofire.git";
			requirement = {
				kind = upToNextMajorVersion;
				minimumVersion = 5.0.0;
			};
		};
		555E6B4B2AC1D79900DCA052 /* XCRemoteSwiftPackageReference "JimmyKit" */ = {
			isa = XCRemoteSwiftPackageReference;
			repositoryURL = "https://github.com/Jimmy-Jung/JimmyKit";
			requirement = {
				kind = upToNextMajorVersion;
				minimumVersion = 1.0.0;
			};
		};
		555E6B4E2AC1D7C800DCA052 /* XCRemoteSwiftPackageReference "SnapKit" */ = {
			isa = XCRemoteSwiftPackageReference;
			repositoryURL = "https://github.com/SnapKit/SnapKit.git";
			requirement = {
				kind = upToNextMajorVersion;
				minimumVersion = 5.0.0;
			};
		};
		555E6B582AC30C3A00DCA052 /* XCRemoteSwiftPackageReference "FSCalendar" */ = {
			isa = XCRemoteSwiftPackageReference;
			repositoryURL = "https://github.com/WenchaoD/FSCalendar.git";
			requirement = {
				kind = upToNextMajorVersion;
				minimumVersion = 2.0.0;
			};
		};
		555E6B5B2AC3198700DCA052 /* XCRemoteSwiftPackageReference "Then" */ = {
			isa = XCRemoteSwiftPackageReference;
			repositoryURL = "https://github.com/devxoul/Then.git";
			requirement = {
				kind = upToNextMajorVersion;
				minimumVersion = 3.0.0;
			};
		};
		555E6B882AC55BCC00DCA052 /* XCRemoteSwiftPackageReference "realm-swift" */ = {
			isa = XCRemoteSwiftPackageReference;
			repositoryURL = "https://github.com/realm/realm-swift.git";
			requirement = {
				branch = master;
				kind = branch;
			};
		};
		5570E1AB2AD3D1C900350AF3 /* XCRemoteSwiftPackageReference "RxSwift" */ = {
			isa = XCRemoteSwiftPackageReference;
			repositoryURL = "https://github.com/ReactiveX/RxSwift.git";
			requirement = {
				kind = upToNextMajorVersion;
				minimumVersion = 6.0.0;
			};
		};
/* End XCRemoteSwiftPackageReference section */

/* Begin XCSwiftPackageProductDependency section */
		550BA7A22ADB065800475042 /* FirebaseAnalytics */ = {
			isa = XCSwiftPackageProductDependency;
			package = 550BA7A12ADB065800475042 /* XCRemoteSwiftPackageReference "firebase-ios-sdk" */;
			productName = FirebaseAnalytics;
		};
		550BA7A42ADB065800475042 /* FirebaseCrashlytics */ = {
			isa = XCSwiftPackageProductDependency;
			package = 550BA7A12ADB065800475042 /* XCRemoteSwiftPackageReference "firebase-ios-sdk" */;
			productName = FirebaseCrashlytics;
		};
		550BA7A72ADB152200475042 /* FirebaseRemoteConfig */ = {
			isa = XCSwiftPackageProductDependency;
			package = 550BA7A12ADB065800475042 /* XCRemoteSwiftPackageReference "firebase-ios-sdk" */;
			productName = FirebaseRemoteConfig;
		};
		550BA7AE2ADB2E7F00475042 /* Alamofire */ = {
			isa = XCSwiftPackageProductDependency;
			package = 550BA7AD2ADB2E7F00475042 /* XCRemoteSwiftPackageReference "Alamofire" */;
			productName = Alamofire;
		};
		555E6B4C2AC1D79900DCA052 /* JimmyKit */ = {
			isa = XCSwiftPackageProductDependency;
			package = 555E6B4B2AC1D79900DCA052 /* XCRemoteSwiftPackageReference "JimmyKit" */;
			productName = JimmyKit;
		};
		555E6B4F2AC1D7C800DCA052 /* SnapKit */ = {
			isa = XCSwiftPackageProductDependency;
			package = 555E6B4E2AC1D7C800DCA052 /* XCRemoteSwiftPackageReference "SnapKit" */;
			productName = SnapKit;
		};
		555E6B592AC30C3A00DCA052 /* FSCalendar */ = {
			isa = XCSwiftPackageProductDependency;
			package = 555E6B582AC30C3A00DCA052 /* XCRemoteSwiftPackageReference "FSCalendar" */;
			productName = FSCalendar;
		};
		555E6B5C2AC3198700DCA052 /* Then */ = {
			isa = XCSwiftPackageProductDependency;
			package = 555E6B5B2AC3198700DCA052 /* XCRemoteSwiftPackageReference "Then" */;
			productName = Then;
		};
		555E6B892AC55BCC00DCA052 /* Realm */ = {
			isa = XCSwiftPackageProductDependency;
			package = 555E6B882AC55BCC00DCA052 /* XCRemoteSwiftPackageReference "realm-swift" */;
			productName = Realm;
		};
		555E6B8B2AC55BCC00DCA052 /* RealmSwift */ = {
			isa = XCSwiftPackageProductDependency;
			package = 555E6B882AC55BCC00DCA052 /* XCRemoteSwiftPackageReference "realm-swift" */;
			productName = RealmSwift;
		};
		5570E1AC2AD3D1C900350AF3 /* RxCocoa */ = {
			isa = XCSwiftPackageProductDependency;
			package = 5570E1AB2AD3D1C900350AF3 /* XCRemoteSwiftPackageReference "RxSwift" */;
			productName = RxCocoa;
		};
		5570E1AE2AD3D1C900350AF3 /* RxSwift */ = {
			isa = XCSwiftPackageProductDependency;
			package = 5570E1AB2AD3D1C900350AF3 /* XCRemoteSwiftPackageReference "RxSwift" */;
			productName = RxSwift;
		};
/* End XCSwiftPackageProductDependency section */
	};
	rootObject = 555E6B2C2AC1D76B00DCA052 /* Project object */;
}
